
Microsoft Visual Studio Solution File, Format Version 12.00
# Visual Studio Version 16
VisualStudioVersion = 16.0.30711.63
MinimumVisualStudioVersion = 15.0.26124.0
Project("{9A19103F-16F7-4668-BE54-9A1E7A4F7556}") = "Messaging.API", "Services\Messaging\Messaging.API\Messaging.API.csproj", "{B012D768-1EA4-4723-AC0B-37B192F378E1}"
EndProject
Project("{E53339B2-1760-4266-BCC7-CA923CBCF16C}") = "docker-compose", "docker-compose.dcproj", "{305E5A5F-D2D1-4FA9-BE45-884CA976CF38}"
EndProject
Project("{9A19103F-16F7-4668-BE54-9A1E7A4F7556}") = "Messaging.Test", "Services\Messaging\Messaging.Test\Messaging.Test.csproj", "{16204117-4A96-4989-A319-FEA8B10E1EF0}"
EndProject
Project("{9A19103F-16F7-4668-BE54-9A1E7A4F7556}") = "Identity.API", "Services\Identity\Identity.API\Identity.API.csproj", "{7B17ED0B-BED3-4F88-AB22-EB887EE4AF72}"
EndProject
Project("{9A19103F-16F7-4668-BE54-9A1E7A4F7556}") = "BlazorClient", "Web\BlazorClient\BlazorClient.csproj", "{942ECEAC-A216-488B-92A4-5CC148A931FB}"
EndProject
Global
	GlobalSection(SolutionConfigurationPlatforms) = preSolution
		Debug|Any CPU = Debug|Any CPU
		Release|Any CPU = Release|Any CPU
	EndGlobalSection
	GlobalSection(ProjectConfigurationPlatforms) = postSolution
		{B012D768-1EA4-4723-AC0B-37B192F378E1}.Debug|Any CPU.ActiveCfg = Debug|Any CPU
		{B012D768-1EA4-4723-AC0B-37B192F378E1}.Debug|Any CPU.Build.0 = Debug|Any CPU
		{B012D768-1EA4-4723-AC0B-37B192F378E1}.Release|Any CPU.ActiveCfg = Release|Any CPU
		{B012D768-1EA4-4723-AC0B-37B192F378E1}.Release|Any CPU.Build.0 = Release|Any CPU
		{305E5A5F-D2D1-4FA9-BE45-884CA976CF38}.Debug|Any CPU.ActiveCfg = Debug|Any CPU
		{305E5A5F-D2D1-4FA9-BE45-884CA976CF38}.Debug|Any CPU.Build.0 = Debug|Any CPU
		{305E5A5F-D2D1-4FA9-BE45-884CA976CF38}.Release|Any CPU.ActiveCfg = Release|Any CPU
		{305E5A5F-D2D1-4FA9-BE45-884CA976CF38}.Release|Any CPU.Build.0 = Release|Any CPU
		{16204117-4A96-4989-A319-FEA8B10E1EF0}.Debug|Any CPU.ActiveCfg = Debug|Any CPU
		{16204117-4A96-4989-A319-FEA8B10E1EF0}.Debug|Any CPU.Build.0 = Debug|Any CPU
		{16204117-4A96-4989-A319-FEA8B10E1EF0}.Release|Any CPU.ActiveCfg = Release|Any CPU
		{16204117-4A96-4989-A319-FEA8B10E1EF0}.Release|Any CPU.Build.0 = Release|Any CPU
		{7B17ED0B-BED3-4F88-AB22-EB887EE4AF72}.Debug|Any CPU.ActiveCfg = Debug|Any CPU
		{7B17ED0B-BED3-4F88-AB22-EB887EE4AF72}.Debug|Any CPU.Build.0 = Debug|Any CPU
		{7B17ED0B-BED3-4F88-AB22-EB887EE4AF72}.Release|Any CPU.ActiveCfg = Release|Any CPU
		{7B17ED0B-BED3-4F88-AB22-EB887EE4AF72}.Release|Any CPU.Build.0 = Release|Any CPU
		{942ECEAC-A216-488B-92A4-5CC148A931FB}.Debug|Any CPU.ActiveCfg = Debug|Any CPU
		{942ECEAC-A216-488B-92A4-5CC148A931FB}.Debug|Any CPU.Build.0 = Debug|Any CPU
		{942ECEAC-A216-488B-92A4-5CC148A931FB}.Release|Any CPU.ActiveCfg = Release|Any CPU
		{942ECEAC-A216-488B-92A4-5CC148A931FB}.Release|Any CPU.Build.0 = Release|Any CPU
	EndGlobalSection
	GlobalSection(SolutionProperties) = preSolution
		HideSolutionNode = FALSE
	EndGlobalSection
	GlobalSection(ExtensibilityGlobals) = postSolution
		SolutionGuid = {0F63CC24-342F-40BF-8D55-EC3E2CD4DDF0}
	EndGlobalSection
EndGlobal
